github.com/davecgh/go-spew v1.1.0 h1:ZDRjVQ15GmhC3fiQ8ni8+OwkZQO4DARzQgrnXU1Liz8=
github.com/davecgh/go-spew v1.1.0/go.mod h1:J7Y8YcW2NihsgmVo/mv3lAwl/skON4iLHjSsI+c5H38=
github.com/davecgh/go-spew v1.1.1/go.mod h1:J7Y8YcW2NihsgmVo/mv3lAwl/skON4iLHjSsI+c5H38=
github.com/graph-gophers/graphql-go v0.0.0-20190610161739-8f92f34fc598 h1:XLoCW/kXxbvPvp216Kq/c+TtwWYHy9sjeDidFcG45g0=
github.com/graph-gophers/graphql-go v0.0.0-20190610161739-8f92f34fc598/go.mod h1:Au3iQ8DvDis8hZ4q2OzRcaKYlAsPt+fYvib5q4nIqu4=
github.com/graph-gophers/graphql-go v0.0.0-20190724201507-010347b5f9e6 h1:9WiNlI9Cds5S5YITwRpRs8edNaq0nxTEymhDW20A1QE=
github.com/graph-gophers/graphql-go v0.0.0-20190724201507-010347b5f9e6/go.mod h1:Au3iQ8DvDis8hZ4q2OzRcaKYlAsPt+fYvib5q4nIqu4=
github.com/opentracing/opentracing-go v1.1.0 h1:pWlfV3Bxv7k65HYwkikxat0+s3pV4bsqf19k25Ur8rU=
github.com/opentracing/opentracing-go v1.1.0/go.mod h1:UkNAQd3GIcIGf0SeVgPpRdFStlNbqXla1AfSYxPUl2o=
github.com/pionus/arry v0.0.0-20190606094813-fd995c0d4b3d h1:Df54b38Z4fRurSUWcHKG1Zjby/qLy3a3kHe84KYEBfc=
github.com/pionus/arry v0.0.0-20190606094813-fd995c0d4b3d/go.mod h1:QC0NlqEcetddifTi+gI4LgkIRmZemxuLm29Z8KxMv0w=
github.com/pionus/arry v0.0.0-20190717083626-f90e9f2552ed h1:aOM1tIuq2g7umrhpazcJks6kPzTmxkm3OedjbSzMQD8=
github.com/pionus/arry v0.0.0-20190717083626-f90e9f2552ed/go.mod h1:Xya9yzpR/1/b6GBqbaiQYgm6XNedKCpDhKj/Uc8gOm8=
github.com/pionus/arry v0.0.0-20190717093203-56fdd6eec2db h1:xlXZi2Q4l2D5WV2/4jTGSS9uikUotlJlxTWEcEuc/gw=
github.com/pionus/arry v0.0.0-20190717093203-56fdd6eec2db/go.mod h1:Xya9yzpR/1/b6GBqbaiQYgm6XNedKCpDhKj/Uc8gOm8=
github.com/pionus/arry v0.0.0-20190806085108-ccbe576d7289 h1:95Qd7JshkyY5LY+ihAi6EC/ixZvYNpH8h4E3Wz2Ne5E=
github.com/pionus/arry v0.0.0-20190806085108-ccbe576d7289/go.mod h1:kiTXA0DPtsGXASyp2Bz+ZnfaltFdwE7pBRuieiJG4KI=
github.com/pionus/arry v0.0.0-20190806091744-d898b5b8a89d h1:he/mgTs6xKgvJrnYor+gNzInCRY5XMWB43ZLn0Qu5w0=
github.com/pionus/arry v0.0.0-20190806091744-d898b5b8a89d/go.mod h1:kiTXA0DPtsGXASyp2Bz+ZnfaltFdwE7pBRuieiJG4KI=
github.com/pionus/arry v0.0.0-20190806101718-9c3a68bb674b h1:5O8JsPolWyoii3lKDkxnc+8RbZqU6s+qsXJhUeztKNk=
github.com/pionus/arry v0.0.0-20190806101718-9c3a68bb674b/go.mod h1:kiTXA0DPtsGXASyp2Bz+ZnfaltFdwE7pBRuieiJG4KI=
github.com/pionus/arry v0.0.0-20190807063910-1cb60bde869d h1:F1/twW08CXDvLyMxmeElj770i/gmtLfa3X5LXD8jELo=
github.com/pionus/arry v0.0.0-20190807063910-1cb60bde869d/go.mod h1:UhYGdQ0lftgGiVENlnpWLNIxDdBK5+d20PexemBnTbg=
github.com/pionus/arry v0.0.0-20190807093828-16a86b78f21a h1:g3HSr0EWpFfxLC5OnUPhRzdXfMmO8C08dsHRSqHP8ho=
github.com/pionus/arry v0.0.0-20190807093828-16a86b78f21a/go.mod h1:UhYGdQ0lftgGiVENlnpWLNIxDdBK5+d20PexemBnTbg=
github.com/pionus/arry v0.0.0-20190808041257-f05e864143a2 h1:IhJTbZuxZ4nxw7b41GeEN1askKNpC+Jdb639NW4zGUc=
github.com/pionus/arry v0.0.0-20190808041257-f05e864143a2/go.mod h1:UhYGdQ0lftgGiVENlnpWLNIxDdBK5+d20PexemBnTbg=
github.com/pmezard/go-difflib v1.0.0 h1:4DBwDE0NGyQoBHbLQYPwSUPoCMWR5BEzIk/f1lZbAQM=
github.com/pmezard/go-difflib v1.0.0/go.mod h1:iKH77koFhYxTK1pcRnkKkqfTogsbg7gZNVY4sRDYZ/4=
github.com/stretchr/objx v0.1.0/go.mod h1:HFkY916IF+rwdDfMAkV7OtwuqBVzrE8GR6GFx+wExME=
github.com/stretchr/objx v0.2.0/go.mod h1:qt09Ya8vawLte6SNmTgCsAVtYtaKzEcn8ATUoHMkEqE=
github.com/stretchr/testify v1.3.0 h1:TivCn/peBQ7UY8ooIcPgZFpTNSz0Q2U6UrFlUfqbe0Q=
github.com/stretchr/testify v1.3.0/go.mod h1:M5WIy9Dh21IEIfnGCwXGc5bZfKNJtfHm1UVUgZn+9EI=
golang.org/x/crypto v0.0.0-20190308221718-c2843e01d9a2/go.mod h1:djNgcEr1/C05ACkg1iLfiJU5Ep61QUkGW8qpdssI0+w=
golang.org/x/crypto v0.0.0-20190617133340-57b3e21c3d56/go.mod h1:yigFU9vqHzYiE8UmvKecakEJjdnWj3jj499lnFckfCI=
golang.org/x/crypto v0.0.0-20190701094942-4def268fd1a4 h1:HuIa8hRrWRSrqYzx1qI49NNxhdi2PrY7gxVSq1JjLDc=
golang.org/x/crypto v0.0.0-20190701094942-4def268fd1a4/go.mod h1:yigFU9vqHzYiE8UmvKecakEJjdnWj3jj499lnFckfCI=
golang.org/x/net v0.0.0-20190404232315-eb5bcb51f2a3 h1:0GoQqolDA55aaLxZyTzK/Y2ePZzZTUrRacwib7cNsYQ=
golang.org/x/net v0.0.0-20190404232315-eb5bcb51f2a3/go.mod h1:t9HGtf8HONx5eT2rtn7q6eTqICYqUVnKs3thJo3Qplg=
golang.org/x/net v0.0.0-20190620200207-3b0461eec859/go.mod h1:z5CRVTTTmAJ677TzLLGU+0bjPO0LkuOLi4/5GtJWs/s=
golang.org/x/net v0.0.0-20190628185345-da137c7871d7 h1:rTIdg5QFRR7XCaK4LCjBiPbx8j4DQRpdYMnGn/bJUEU=
golang.org/x/net v0.0.0-20190628185345-da137c7871d7/go.mod h1:z5CRVTTTmAJ677TzLLGU+0bjPO0LkuOLi4/5GtJWs/s=
golang.org/x/net v0.0.0-20190724013045-ca1201d0de80 h1:Ao/3l156eZf2AW5wK8a7/smtodRU+gha3+BeqJ69lRk=
golang.org/x/net v0.0.0-20190724013045-ca1201d0de80/go.mod h1:z5CRVTTTmAJ677TzLLGU+0bjPO0LkuOLi4/5GtJWs/s=
golang.org/x/sync v0.0.0-20190423024810-112230192c58/go.mod h1:RxMgew5VJxzue5/jJTE5uejpjVlOe/izrB70Jof72aM=
golang.org/x/sys v0.0.0-20190215142949-d0b11bdaac8a/go.mod h1:STP8DvDyc/dI5b8T5hshtkjS+E42TnysNCUPdjciGhY=
golang.org/x/sys v0.0.0-20190412213103-97732733099d/go.mod h1:h1NjWce9XRLGQEsW7wpKNCjG9DtNlClVuFLEZdDNbEs=
golang.org/x/sys v0.0.0-20190712062909-fae7ac547cb7/go.mod h1:h1NjWce9XRLGQEsW7wpKNCjG9DtNlClVuFLEZdDNbEs=
golang.org/x/sys v0.0.0-20190804053845-51ab0e2deafa/go.mod h1:h1NjWce9XRLGQEsW7wpKNCjG9DtNlClVuFLEZdDNbEs=
golang.org/x/text v0.3.0 h1:g61tztE5qeGQ89tm6NTjjM9VPIm088od1l6aSorWRWg=
golang.org/x/text v0.3.0/go.mod h1:NqM8EUOU14njkJ3fqMW+pc6Ldnwhi/IjpwHt7yyuwOQ=
golang.org/x/text v0.3.2 h1:tW2bmiBqwgJj/UpqtC8EpXEZVYOwU0yG4iWbprSVAcs=
golang.org/x/text v0.3.2/go.mod h1:bEr9sfX3Q8Zfm5fL9x+3itogRgK3+ptLWKqgva+5dAk=
golang.org/x/tools v0.0.0-20180917221912-90fa682c2a6e/go.mod h1:n7NCudcB/nEzxVGmLbDWY5pfWTLqBcC2KZ6jyYvM4mQ=
golang.org/x/tools v0.0.0-20190716221150-e98af2309876/go.mod h1:jcCCGcm9btYwXyDqrUWc6MKQKKGJCWEQ3AfLSRIbEuI=
golang.org/x/tools v0.0.0-20190805222050-c5a2fd39b72a/go.mod h1:jcCCGcm9btYwXyDqrUWc6MKQKKGJCWEQ3AfLSRIbEuI=
golang.org/x/tools v0.0.0-20190806215303-88ddfcebc769/go.mod h1:b+2E5dAYhXwXZwtnZ6UAqBI28+e2cm9otk0dWdXHAEo=
golang.org/x/tools v0.0.0-20190807223507-b346f7fd45de/go.mod h1:b+2E5dAYhXwXZwtnZ6UAqBI28+e2cm9otk0dWdXHAEo=
golang.org/x/xerrors v0.0.0-20190717185122-a985d3407aa7/go.mod h1:I/5z698sn9Ka8TeJc9MKroUUfqBBauWjQqLJ2OPfmY0=
